
Microsoft Visual Studio Solution File, Format Version 12.00
# Visual Studio Version 16
VisualStudioVersion = 16.0.30717.126
MinimumVisualStudioVersion = 10.0.40219.1
Project("{8BC9CEB8-8B4A-11D0-8D11-00A0C91BC942}") = "day1", "day1.vcxproj", "{703316B6-E99A-478C-808C-D17CAE678C33}"
EndProject
Global
	GlobalSection(SolutionConfigurationPlatforms) = preSolution
		Debug|x64 = Debug|x64
		Debug|x86 = Debug|x86
		Release|x64 = Release|x64
		Release|x86 = Release|x86
	EndGlobalSection
	GlobalSection(ProjectConfigurationPlatforms) = postSolution
		{703316B6-E99A-478C-808C-D17CAE678C33}.Debug|x64.ActiveCfg = Debug|x64
		{703316B6-E99A-478C-808C-D17CAE678C33}.Debug|x64.Build.0 = Debug|x64
		{703316B6-E99A-478C-808C-D17CAE678C33}.Debug|x86.ActiveCfg = Debug|Win32
		{703316B6-E99A-478C-808C-D17CAE678C33}.Debug|x86.Build.0 = Debug|Win32
		{703316B6-E99A-478C-808C-D17CAE678C33}.Release|x64.ActiveCfg = Release|x64
		{703316B6-E99A-478C-808C-D17CAE678C33}.Release|x64.Build.0 = Release|x64
		{703316B6-E99A-478C-808C-D17CAE678C33}.Release|x86.ActiveCfg = Release|Win32
		{703316B6-E99A-478C-808C-D17CAE678C33}.Release|x86.Build.0 = Release|Win32
	EndGlobalSection
	GlobalSection(SolutionProperties) = preSolution
		HideSolutionNode = FALSE
	EndGlobalSection
	GlobalSection(ExtensibilityGlobals) = postSolution
		SolutionGuid = {6603EAB2-C1A6-4390-A672-1F993071E7AA}
	EndGlobalSection
EndGlobal
